// !$*UTF8*$!
{
	archiveVersion = 1;
	classes = {
	};
	objectVersion = 46;
	objects = {

/* Begin PBXBuildFile section */
		8EB628661E4C595300B6A91F /* Main.storyboard in Resources */ = {isa = PBXBuildFile; fileRef = 8EB628641E4C595300B6A91F /* Main.storyboard */; };
		8EB628681E4C595300B6A91F /* Assets.xcassets in Resources */ = {isa = PBXBuildFile; fileRef = 8EB628671E4C595300B6A91F /* Assets.xcassets */; };
		8EB6286B1E4C595300B6A91F /* LaunchScreen.storyboard in Resources */ = {isa = PBXBuildFile; fileRef = 8EB628691E4C595300B6A91F /* LaunchScreen.storyboard */; };
		8EB628BF1E4C5E3F00B6A91F /* Camera.swift in Sources */ = {isa = PBXBuildFile; fileRef = 8EB628B21E4C5E3F00B6A91F /* Camera.swift */; };
		8EB628C01E4C5E3F00B6A91F /* Camera.swift in Sources */ = {isa = PBXBuildFile; fileRef = 8EB628B21E4C5E3F00B6A91F /* Camera.swift */; };
		8EB628C11E4C5E3F00B6A91F /* Cube.swift in Sources */ = {isa = PBXBuildFile; fileRef = 8EB628B31E4C5E3F00B6A91F /* Cube.swift */; };
		8EB628C21E4C5E3F00B6A91F /* Cube.swift in Sources */ = {isa = PBXBuildFile; fileRef = 8EB628B31E4C5E3F00B6A91F /* Cube.swift */; };
		8EB628C31E4C5E3F00B6A91F /* GameScene.swift in Sources */ = {isa = PBXBuildFile; fileRef = 8EB628B41E4C5E3F00B6A91F /* GameScene.swift */; };
		8EB628C41E4C5E3F00B6A91F /* GameScene.swift in Sources */ = {isa = PBXBuildFile; fileRef = 8EB628B41E4C5E3F00B6A91F /* GameScene.swift */; };
		8EB628C51E4C5E3F00B6A91F /* MatrixMath.swift in Sources */ = {isa = PBXBuildFile; fileRef = 8EB628B51E4C5E3F00B6A91F /* MatrixMath.swift */; };
		8EB628C61E4C5E3F00B6A91F /* MatrixMath.swift in Sources */ = {isa = PBXBuildFile; fileRef = 8EB628B51E4C5E3F00B6A91F /* MatrixMath.swift */; };
		8EB628C71E4C5E3F00B6A91F /* Node.swift in Sources */ = {isa = PBXBuildFile; fileRef = 8EB628B61E4C5E3F00B6A91F /* Node.swift */; };
		8EB628C81E4C5E3F00B6A91F /* Node.swift in Sources */ = {isa = PBXBuildFile; fileRef = 8EB628B61E4C5E3F00B6A91F /* Node.swift */; };
		8EB628C91E4C5E3F00B6A91F /* Plane.swift in Sources */ = {isa = PBXBuildFile; fileRef = 8EB628B71E4C5E3F00B6A91F /* Plane.swift */; };
		8EB628CA1E4C5E3F00B6A91F /* Plane.swift in Sources */ = {isa = PBXBuildFile; fileRef = 8EB628B71E4C5E3F00B6A91F /* Plane.swift */; };
		8EB628CB1E4C5E3F00B6A91F /* Primitive.swift in Sources */ = {isa = PBXBuildFile; fileRef = 8EB628B81E4C5E3F00B6A91F /* Primitive.swift */; };
		8EB628CC1E4C5E3F00B6A91F /* Primitive.swift in Sources */ = {isa = PBXBuildFile; fileRef = 8EB628B81E4C5E3F00B6A91F /* Primitive.swift */; };
		8EB628CD1E4C5E3F00B6A91F /* Renderable.swift in Sources */ = {isa = PBXBuildFile; fileRef = 8EB628B91E4C5E3F00B6A91F /* Renderable.swift */; };
		8EB628CE1E4C5E3F00B6A91F /* Renderable.swift in Sources */ = {isa = PBXBuildFile; fileRef = 8EB628B91E4C5E3F00B6A91F /* Renderable.swift */; };
		8EB628CF1E4C5E3F00B6A91F /* Renderer.swift in Sources */ = {isa = PBXBuildFile; fileRef = 8EB628BA1E4C5E3F00B6A91F /* Renderer.swift */; };
		8EB628D01E4C5E3F00B6A91F /* Renderer.swift in Sources */ = {isa = PBXBuildFile; fileRef = 8EB628BA1E4C5E3F00B6A91F /* Renderer.swift */; };
		8EB628D11E4C5E3F00B6A91F /* Scene.swift in Sources */ = {isa = PBXBuildFile; fileRef = 8EB628BB1E4C5E3F00B6A91F /* Scene.swift */; };
		8EB628D21E4C5E3F00B6A91F /* Scene.swift in Sources */ = {isa = PBXBuildFile; fileRef = 8EB628BB1E4C5E3F00B6A91F /* Scene.swift */; };
		8EB628D31E4C5E3F00B6A91F /* Shader.metal in Sources */ = {isa = PBXBuildFile; fileRef = 8EB628BC1E4C5E3F00B6A91F /* Shader.metal */; };
		8EB628D41E4C5E3F00B6A91F /* Shader.metal in Sources */ = {isa = PBXBuildFile; fileRef = 8EB628BC1E4C5E3F00B6A91F /* Shader.metal */; };
		8EB628D51E4C5E3F00B6A91F /* Texturable.swift in Sources */ = {isa = PBXBuildFile; fileRef = 8EB628BD1E4C5E3F00B6A91F /* Texturable.swift */; };
		8EB628D61E4C5E3F00B6A91F /* Texturable.swift in Sources */ = {isa = PBXBuildFile; fileRef = 8EB628BD1E4C5E3F00B6A91F /* Texturable.swift */; };
		8EB628D71E4C5E3F00B6A91F /* Types.swift in Sources */ = {isa = PBXBuildFile; fileRef = 8EB628BE1E4C5E3F00B6A91F /* Types.swift */; };
		8EB628D81E4C5E3F00B6A91F /* Types.swift in Sources */ = {isa = PBXBuildFile; fileRef = 8EB628BE1E4C5E3F00B6A91F /* Types.swift */; };
		8EB628E31E4C5F3200B6A91F /* AppDelegate.swift in Sources */ = {isa = PBXBuildFile; fileRef = 8EB628601E4C595300B6A91F /* AppDelegate.swift */; };
		8EB628E41E4C5F3200B6A91F /* ViewController.swift in Sources */ = {isa = PBXBuildFile; fileRef = 8EB628621E4C595300B6A91F /* ViewController.swift */; };
		8EB628E51E4C5F3800B6A91F /* AppDelegate.swift in Sources */ = {isa = PBXBuildFile; fileRef = 8EEE72B31E474AEF009F4BE7 /* AppDelegate.swift */; };
		8EB628E61E4C5F3800B6A91F /* ViewController.swift in Sources */ = {isa = PBXBuildFile; fileRef = 8EEE72B51E474AEF009F4BE7 /* ViewController.swift */; };
		8EB628E71E4C601F00B6A91F /* picture-frame-mask.png in Resources */ = {isa = PBXBuildFile; fileRef = 8EB628DA1E4C5E9100B6A91F /* picture-frame-mask.png */; };
		8EB628E81E4C601F00B6A91F /* picture-frame.png in Resources */ = {isa = PBXBuildFile; fileRef = 8EB628DB1E4C5E9100B6A91F /* picture-frame.png */; };
		8EB628E91E4C601F00B6A91F /* picture.png in Resources */ = {isa = PBXBuildFile; fileRef = 8EB628DC1E4C5E9100B6A91F /* picture.png */; };
		8EB628EA1E4C602600B6A91F /* picture-frame-mask.png in Resources */ = {isa = PBXBuildFile; fileRef = 8EB628DA1E4C5E9100B6A91F /* picture-frame-mask.png */; };
		8EB628EB1E4C602600B6A91F /* picture-frame.png in Resources */ = {isa = PBXBuildFile; fileRef = 8EB628DB1E4C5E9100B6A91F /* picture-frame.png */; };
		8EB628EC1E4C602600B6A91F /* picture.png in Resources */ = {isa = PBXBuildFile; fileRef = 8EB628DC1E4C5E9100B6A91F /* picture.png */; };
		8EEE72B81E474AEF009F4BE7 /* Assets.xcassets in Resources */ = {isa = PBXBuildFile; fileRef = 8EEE72B71E474AEF009F4BE7 /* Assets.xcassets */; };
		8EEE72BB1E474AF0009F4BE7 /* Main.storyboard in Resources */ = {isa = PBXBuildFile; fileRef = 8EEE72B91E474AF0009F4BE7 /* Main.storyboard */; };
/* End PBXBuildFile section */

/* Begin PBXFileReference section */
		8EB6285E1E4C595300B6A91F /* iOSGimma.app */ = {isa = PBXFileReference; explicitFileType = wrapper.application; includeInIndex = 0; path = iOSGimma.app; sourceTree = BUILT_PRODUCTS_DIR; };
		8EB628601E4C595300B6A91F /* AppDelegate.swift */ = {isa = PBXFileReference; lastKnownFileType = sourcecode.swift; path = AppDelegate.swift; sourceTree = "<group>"; };
		8EB628621E4C595300B6A91F /* ViewController.swift */ = {isa = PBXFileReference; lastKnownFileType = sourcecode.swift; path = ViewController.swift; sourceTree = "<group>"; };
		8EB628651E4C595300B6A91F /* Base */ = {isa = PBXFileReference; lastKnownFileType = file.storyboard; name = Base; path = Base.lproj/Main.storyboard; sourceTree = "<group>"; };
		8EB628671E4C595300B6A91F /* Assets.xcassets */ = {isa = PBXFileReference; lastKnownFileType = folder.assetcatalog; path = Assets.xcassets; sourceTree = "<group>"; };
		8EB6286A1E4C595300B6A91F /* Base */ = {isa = PBXFileReference; lastKnownFileType = file.storyboard; name = Base; path = Base.lproj/LaunchScreen.storyboard; sourceTree = "<group>"; };
		8EB6286C1E4C595300B6A91F /* Info.plist */ = {isa = PBXFileReference; lastKnownFileType = text.plist.xml; path = Info.plist; sourceTree = "<group>"; };
		8EB628B21E4C5E3F00B6A91F /* Camera.swift */ = {isa = PBXFileReference; fileEncoding = 4; lastKnownFileType = sourcecode.swift; path = Camera.swift; sourceTree = "<group>"; };
		8EB628B31E4C5E3F00B6A91F /* Cube.swift */ = {isa = PBXFileReference; fileEncoding = 4; lastKnownFileType = sourcecode.swift; path = Cube.swift; sourceTree = "<group>"; };
		8EB628B41E4C5E3F00B6A91F /* GameScene.swift */ = {isa = PBXFileReference; fileEncoding = 4; lastKnownFileType = sourcecode.swift; path = GameScene.swift; sourceTree = "<group>"; };
		8EB628B51E4C5E3F00B6A91F /* MatrixMath.swift */ = {isa = PBXFileReference; fileEncoding = 4; lastKnownFileType = sourcecode.swift; path = MatrixMath.swift; sourceTree = "<group>"; };
		8EB628B61E4C5E3F00B6A91F /* Node.swift */ = {isa = PBXFileReference; fileEncoding = 4; lastKnownFileType = sourcecode.swift; path = Node.swift; sourceTree = "<group>"; };
		8EB628B71E4C5E3F00B6A91F /* Plane.swift */ = {isa = PBXFileReference; fileEncoding = 4; lastKnownFileType = sourcecode.swift; path = Plane.swift; sourceTree = "<group>"; };
		8EB628B81E4C5E3F00B6A91F /* Primitive.swift */ = {isa = PBXFileReference; fileEncoding = 4; lastKnownFileType = sourcecode.swift; path = Primitive.swift; sourceTree = "<group>"; };
		8EB628B91E4C5E3F00B6A91F /* Renderable.swift */ = {isa = PBXFileReference; fileEncoding = 4; lastKnownFileType = sourcecode.swift; path = Renderable.swift; sourceTree = "<group>"; };
		8EB628BA1E4C5E3F00B6A91F /* Renderer.swift */ = {isa = PBXFileReference; fileEncoding = 4; lastKnownFileType = sourcecode.swift; path = Renderer.swift; sourceTree = "<group>"; };
		8EB628BB1E4C5E3F00B6A91F /* Scene.swift */ = {isa = PBXFileReference; fileEncoding = 4; lastKnownFileType = sourcecode.swift; path = Scene.swift; sourceTree = "<group>"; };
		8EB628BC1E4C5E3F00B6A91F /* Shader.metal */ = {isa = PBXFileReference; fileEncoding = 4; lastKnownFileType = sourcecode.metal; path = Shader.metal; sourceTree = "<group>"; };
		8EB628BD1E4C5E3F00B6A91F /* Texturable.swift */ = {isa = PBXFileReference; fileEncoding = 4; lastKnownFileType = sourcecode.swift; path = Texturable.swift; sourceTree = "<group>"; };
		8EB628BE1E4C5E3F00B6A91F /* Types.swift */ = {isa = PBXFileReference; fileEncoding = 4; lastKnownFileType = sourcecode.swift; path = Types.swift; sourceTree = "<group>"; };
		8EB628DA1E4C5E9100B6A91F /* picture-frame-mask.png */ = {isa = PBXFileReference; lastKnownFileType = image.png; path = "picture-frame-mask.png"; sourceTree = "<group>"; };
		8EB628DB1E4C5E9100B6A91F /* picture-frame.png */ = {isa = PBXFileReference; lastKnownFileType = image.png; path = "picture-frame.png"; sourceTree = "<group>"; };
		8EB628DC1E4C5E9100B6A91F /* picture.png */ = {isa = PBXFileReference; lastKnownFileType = image.png; path = picture.png; sourceTree = "<group>"; };
		8EEE72B01E474AEF009F4BE7 /* MacOSGimma.app */ = {isa = PBXFileReference; explicitFileType = wrapper.application; includeInIndex = 0; path = MacOSGimma.app; sourceTree = BUILT_PRODUCTS_DIR; };
		8EEE72B31E474AEF009F4BE7 /* AppDelegate.swift */ = {isa = PBXFileReference; lastKnownFileType = sourcecode.swift; path = AppDelegate.swift; sourceTree = "<group>"; };
		8EEE72B51E474AEF009F4BE7 /* ViewController.swift */ = {isa = PBXFileReference; lastKnownFileType = sourcecode.swift; path = ViewController.swift; sourceTree = "<group>"; };
		8EEE72B71E474AEF009F4BE7 /* Assets.xcassets */ = {isa = PBXFileReference; lastKnownFileType = folder.assetcatalog; path = Assets.xcassets; sourceTree = "<group>"; };
		8EEE72BA1E474AF0009F4BE7 /* Base */ = {isa = PBXFileReference; lastKnownFileType = file.storyboard; name = Base; path = Base.lproj/Main.storyboard; sourceTree = "<group>"; };
		8EEE72BC1E474AF0009F4BE7 /* Info.plist */ = {isa = PBXFileReference; lastKnownFileType = text.plist.xml; path = Info.plist; sourceTree = "<group>"; };
/* End PBXFileReference section */

/* Begin PBXFrameworksBuildPhase section */
		8EB6285B1E4C595300B6A91F /* Frameworks */ = {
			isa = PBXFrameworksBuildPhase;
			buildActionMask = 2147483647;
			files = (
			);
			runOnlyForDeploymentPostprocessing = 0;
		};
		8EEE72AD1E474AEF009F4BE7 /* Frameworks */ = {
			isa = PBXFrameworksBuildPhase;
			buildActionMask = 2147483647;
			files = (
			);
			runOnlyForDeploymentPostprocessing = 0;
		};
/* End PBXFrameworksBuildPhase section */

/* Begin PBXGroup section */
		8EB6285F1E4C595300B6A91F /* iOSGimma */ = {
			isa = PBXGroup;
			children = (
				8EB628601E4C595300B6A91F /* AppDelegate.swift */,
				8EB628621E4C595300B6A91F /* ViewController.swift */,
				8EB628641E4C595300B6A91F /* Main.storyboard */,
				8EB628671E4C595300B6A91F /* Assets.xcassets */,
				8EB628691E4C595300B6A91F /* LaunchScreen.storyboard */,
				8EB6286C1E4C595300B6A91F /* Info.plist */,
			);
			path = iOSGimma;
			sourceTree = "<group>";
		};
		8EB628701E4C5A8200B6A91F /* Common */ = {
			isa = PBXGroup;
			children = (
				8EB628B51E4C5E3F00B6A91F /* MatrixMath.swift */,
				8EB628BA1E4C5E3F00B6A91F /* Renderer.swift */,
				8EB628BE1E4C5E3F00B6A91F /* Types.swift */,
				8EB628BC1E4C5E3F00B6A91F /* Shader.metal */,
				8EEE72D01E474D91009F4BE7 /* Scenes */,
				8EEE72D11E474D9F009F4BE7 /* Nodes */,
			);
			name = Common;
			path = MacOSGimma;
			sourceTree = "<group>";
		};
		8EB628D91E4C5E9100B6A91F /* Images */ = {
			isa = PBXGroup;
			children = (
				8EB628DA1E4C5E9100B6A91F /* picture-frame-mask.png */,
				8EB628DB1E4C5E9100B6A91F /* picture-frame.png */,
				8EB628DC1E4C5E9100B6A91F /* picture.png */,
			);
			path = Images;
			sourceTree = "<group>";
		};
		8EEE72A71E474AEF009F4BE7 = {
			isa = PBXGroup;
			children = (
				8EB628D91E4C5E9100B6A91F /* Images */,
				8EB628701E4C5A8200B6A91F /* Common */,
				8EEE72B21E474AEF009F4BE7 /* MacOSGimma */,
				8EB6285F1E4C595300B6A91F /* iOSGimma */,
				8EEE72B11E474AEF009F4BE7 /* Products */,
			);
			sourceTree = "<group>";
		};
		8EEE72B11E474AEF009F4BE7 /* Products */ = {
			isa = PBXGroup;
			children = (
				8EEE72B01E474AEF009F4BE7 /* MacOSGimma.app */,
				8EB6285E1E4C595300B6A91F /* iOSGimma.app */,
			);
			name = Products;
			sourceTree = "<group>";
		};
		8EEE72B21E474AEF009F4BE7 /* MacOSGimma */ = {
			isa = PBXGroup;
			children = (
				8EEE72B31E474AEF009F4BE7 /* AppDelegate.swift */,
				8EEE72B51E474AEF009F4BE7 /* ViewController.swift */,
				8EEE72B71E474AEF009F4BE7 /* Assets.xcassets */,
				8EEE72B91E474AF0009F4BE7 /* Main.storyboard */,
				8EEE72BC1E474AF0009F4BE7 /* Info.plist */,
			);
			path = MacOSGimma;
			sourceTree = "<group>";
		};
		8EEE72D01E474D91009F4BE7 /* Scenes */ = {
			isa = PBXGroup;
			children = (
				8EB628B41E4C5E3F00B6A91F /* GameScene.swift */,
				8EB628BB1E4C5E3F00B6A91F /* Scene.swift */,
			);
			name = Scenes;
			sourceTree = "<group>";
		};
		8EEE72D11E474D9F009F4BE7 /* Nodes */ = {
			isa = PBXGroup;
			children = (
				8EB628B91E4C5E3F00B6A91F /* Renderable.swift */,
				8EB628BD1E4C5E3F00B6A91F /* Texturable.swift */,
				8EB628B61E4C5E3F00B6A91F /* Node.swift */,
				8EB628B81E4C5E3F00B6A91F /* Primitive.swift */,
				8EB628B31E4C5E3F00B6A91F /* Cube.swift */,
				8EB628B71E4C5E3F00B6A91F /* Plane.swift */,
				8EB628B21E4C5E3F00B6A91F /* Camera.swift */,
			);
			name = Nodes;
			sourceTree = "<group>";
		};
/* End PBXGroup section */

/* Begin PBXNativeTarget section */
		8EB6285D1E4C595300B6A91F /* iOSGimma */ = {
			isa = PBXNativeTarget;
			buildConfigurationList = 8EB6286F1E4C595300B6A91F /* Build configuration list for PBXNativeTarget "iOSGimma" */;
			buildPhases = (
				8EB6285A1E4C595300B6A91F /* Sources */,
				8EB6285B1E4C595300B6A91F /* Frameworks */,
				8EB6285C1E4C595300B6A91F /* Resources */,
			);
			buildRules = (
			);
			dependencies = (
			);
			name = iOSGimma;
			productName = iOSGimma;
			productReference = 8EB6285E1E4C595300B6A91F /* iOSGimma.app */;
			productType = "com.apple.product-type.application";
		};
		8EEE72AF1E474AEF009F4BE7 /* MacOSGimma */ = {
			isa = PBXNativeTarget;
			buildConfigurationList = 8EEE72BF1E474AF0009F4BE7 /* Build configuration list for PBXNativeTarget "MacOSGimma" */;
			buildPhases = (
				8EEE72AC1E474AEF009F4BE7 /* Sources */,
				8EEE72AD1E474AEF009F4BE7 /* Frameworks */,
				8EEE72AE1E474AEF009F4BE7 /* Resources */,
			);
			buildRules = (
			);
			dependencies = (
			);
			name = MacOSGimma;
			productName = MacOSGimma;
			productReference = 8EEE72B01E474AEF009F4BE7 /* MacOSGimma.app */;
			productType = "com.apple.product-type.application";
		};
/* End PBXNativeTarget section */

/* Begin PBXProject section */
		8EEE72A81E474AEF009F4BE7 /* Project object */ = {
			isa = PBXProject;
			attributes = {
				LastSwiftUpdateCheck = 0820;
				LastUpgradeCheck = 0820;
				ORGANIZATIONNAME = Workmoose;
				TargetAttributes = {
					8EB6285D1E4C595300B6A91F = {
						CreatedOnToolsVersion = 8.2.1;
						DevelopmentTeam = 7C4LVS3ZVC;
						LastSwiftMigration = 0820;
						ProvisioningStyle = Automatic;
					};
					8EEE72AF1E474AEF009F4BE7 = {
						CreatedOnToolsVersion = 8.2.1;
						DevelopmentTeam = 7C4LVS3ZVC;
						LastSwiftMigration = 0820;
						ProvisioningStyle = Automatic;
					};
				};
			};
			buildConfigurationList = 8EEE72AB1E474AEF009F4BE7 /* Build configuration list for PBXProject "MacOSGimma" */;
			compatibilityVersion = "Xcode 3.2";
			developmentRegion = English;
			hasScannedForEncodings = 0;
			knownRegions = (
				en,
				Base,
			);
			mainGroup = 8EEE72A71E474AEF009F4BE7;
			productRefGroup = 8EEE72B11E474AEF009F4BE7 /* Products */;
			projectDirPath = "";
			projectRoot = "";
			targets = (
				8EEE72AF1E474AEF009F4BE7 /* MacOSGimma */,
				8EB6285D1E4C595300B6A91F /* iOSGimma */,
			);
		};
/* End PBXProject section */

/* Begin PBXResourcesBuildPhase section */
		8EB6285C1E4C595300B6A91F /* Resources */ = {
			isa = PBXResourcesBuildPhase;
			buildActionMask = 2147483647;
			files = (
				8EB628E71E4C601F00B6A91F /* picture-frame-mask.png in Resources */,
				8EB628E81E4C601F00B6A91F /* picture-frame.png in Resources */,
				8EB628E91E4C601F00B6A91F /* picture.png in Resources */,
				8EB6286B1E4C595300B6A91F /* LaunchScreen.storyboard in Resources */,
				8EB628681E4C595300B6A91F /* Assets.xcassets in Resources */,
				8EB628661E4C595300B6A91F /* Main.storyboard in Resources */,
			);
			runOnlyForDeploymentPostprocessing = 0;
		};
		8EEE72AE1E474AEF009F4BE7 /* Resources */ = {
			isa = PBXResourcesBuildPhase;
			buildActionMask = 2147483647;
			files = (
				8EB628EA1E4C602600B6A91F /* picture-frame-mask.png in Resources */,
				8EB628EB1E4C602600B6A91F /* picture-frame.png in Resources */,
				8EB628EC1E4C602600B6A91F /* picture.png in Resources */,
				8EEE72B81E474AEF009F4BE7 /* Assets.xcassets in Resources */,
				8EEE72BB1E474AF0009F4BE7 /* Main.storyboard in Resources */,
			);
			runOnlyForDeploymentPostprocessing = 0;
		};
/* End PBXResourcesBuildPhase section */

/* Begin PBXSourcesBuildPhase section */
		8EB6285A1E4C595300B6A91F /* Sources */ = {
			isa = PBXSourcesBuildPhase;
			buildActionMask = 2147483647;
			files = (
				8EB628E31E4C5F3200B6A91F /* AppDelegate.swift in Sources */,
				8EB628E41E4C5F3200B6A91F /* ViewController.swift in Sources */,
				8EB628C41E4C5E3F00B6A91F /* GameScene.swift in Sources */,
				8EB628C81E4C5E3F00B6A91F /* Node.swift in Sources */,
				8EB628D21E4C5E3F00B6A91F /* Scene.swift in Sources */,
				8EB628C21E4C5E3F00B6A91F /* Cube.swift in Sources */,
				8EB628D41E4C5E3F00B6A91F /* Shader.metal in Sources */,
				8EB628CC1E4C5E3F00B6A91F /* Primitive.swift in Sources */,
				8EB628C61E4C5E3F00B6A91F /* MatrixMath.swift in Sources */,
				8EB628D61E4C5E3F00B6A91F /* Texturable.swift in Sources */,
				8EB628D81E4C5E3F00B6A91F /* Types.swift in Sources */,
				8EB628CA1E4C5E3F00B6A91F /* Plane.swift in Sources */,
				8EB628C01E4C5E3F00B6A91F /* Camera.swift in Sources */,
				8EB628D01E4C5E3F00B6A91F /* Renderer.swift in Sources */,
				8EB628CE1E4C5E3F00B6A91F /* Renderable.swift in Sources */,
			);
			runOnlyForDeploymentPostprocessing = 0;
		};
		8EEE72AC1E474AEF009F4BE7 /* Sources */ = {
			isa = PBXSourcesBuildPhase;
			buildActionMask = 2147483647;
			files = (
				8EB628E51E4C5F3800B6A91F /* AppDelegate.swift in Sources */,
				8EB628E61E4C5F3800B6A91F /* ViewController.swift in Sources */,
				8EB628C31E4C5E3F00B6A91F /* GameScene.swift in Sources */,
				8EB628C71E4C5E3F00B6A91F /* Node.swift in Sources */,
				8EB628D11E4C5E3F00B6A91F /* Scene.swift in Sources */,
				8EB628C11E4C5E3F00B6A91F /* Cube.swift in Sources */,
				8EB628D31E4C5E3F00B6A91F /* Shader.metal in Sources */,
				8EB628CB1E4C5E3F00B6A91F /* Primitive.swift in Sources */,
				8EB628C51E4C5E3F00B6A91F /* MatrixMath.swift in Sources */,
				8EB628D51E4C5E3F00B6A91F /* Texturable.swift in Sources */,
				8EB628D71E4C5E3F00B6A91F /* Types.swift in Sources */,
				8EB628C91E4C5E3F00B6A91F /* Plane.swift in Sources */,
				8EB628BF1E4C5E3F00B6A91F /* Camera.swift in Sources */,
				8EB628CF1E4C5E3F00B6A91F /* Renderer.swift in Sources */,
				8EB628CD1E4C5E3F00B6A91F /* Renderable.swift in Sources */,
			);
			runOnlyForDeploymentPostprocessing = 0;
		};
/* End PBXSourcesBuildPhase section */

/* Begin PBXVariantGroup section */
		8EB628641E4C595300B6A91F /* Main.storyboard */ = {
			isa = PBXVariantGroup;
			children = (
				8EB628651E4C595300B6A91F /* Base */,
			);
			name = Main.storyboard;
			sourceTree = "<group>";
		};
		8EB628691E4C595300B6A91F /* LaunchScreen.storyboard */ = {
			isa = PBXVariantGroup;
			children = (
				8EB6286A1E4C595300B6A91F /* Base */,
			);
			name = LaunchScreen.storyboard;
			sourceTree = "<group>";
		};
		8EEE72B91E474AF0009F4BE7 /* Main.storyboard */ = {
			isa = PBXVariantGroup;
			children = (
				8EEE72BA1E474AF0009F4BE7 /* Base */,
			);
			name = Main.storyboard;
			sourceTree = "<group>";
		};
/* End PBXVariantGroup section */

/* Begin XCBuildConfiguration section */
		8EB6286D1E4C595300B6A91F /* Debug */ = {
			isa = XCBuildConfiguration;
			buildSettings = {
				ASSETCATALOG_COMPILER_APPICON_NAME = AppIcon;
				CLANG_ENABLE_MODULES = YES;
				"CODE_SIGN_IDENTITY[sdk=iphoneos*]" = "iPhone Developer";
				DEVELOPMENT_TEAM = 7C4LVS3ZVC;
				INFOPLIST_FILE = iOSGimma/Info.plist;
				IPHONEOS_DEPLOYMENT_TARGET = 10.2;
				LD_RUNPATH_SEARCH_PATHS = "$(inherited) @executable_path/Frameworks";
				PRODUCT_BUNDLE_IDENTIFIER = workmoose.iOSGimma;
				PRODUCT_NAME = "$(TARGET_NAME)";
				SDKROOT = iphoneos;
				SWIFT_OPTIMIZATION_LEVEL = "-Onone";
				SWIFT_VERSION = 3.0;
				TARGETED_DEVICE_FAMILY = "1,2";
			};
			name = Debug;
		};
		8EB6286E1E4C595300B6A91F /* Release */ = {
			isa = XCBuildConfiguration;
			buildSettings = {
				ASSETCATALOG_COMPILER_APPICON_NAME = AppIcon;
				CLANG_ENABLE_MODULES = YES;
				"CODE_SIGN_IDENTITY[sdk=iphoneos*]" = "iPhone Developer";
				DEVELOPMENT_TEAM = 7C4LVS3ZVC;
				INFOPLIST_FILE = iOSGimma/Info.plist;
				IPHONEOS_DEPLOYMENT_TARGET = 10.2;
				LD_RUNPATH_SEARCH_PATHS = "$(inherited) @executable_path/Frameworks";
				PRODUCT_BUNDLE_IDENTIFIER = workmoose.iOSGimma;
				PRODUCT_NAME = "$(TARGET_NAME)";
				SDKROOT = iphoneos;
				SWIFT_VERSION = 3.0;
				TARGETED_DEVICE_FAMILY = "1,2";
				VALIDATE_PRODUCT = YES;
			};
			name = Release;
		};
		8EEE72BD1E474AF0009F4BE7 /* Debug */ = {
			isa = XCBuildConfiguration;
			buildSettings = {
				ALWAYS_SEARCH_USER_PATHS = NO;
				CLANG_ANALYZER_NONNULL = YES;
				CLANG_CXX_LANGUAGE_STANDARD = "gnu++0x";
				CLANG_CXX_LIBRARY = "libc++";
				CLANG_ENABLE_MODULES = YES;
				CLANG_ENABLE_OBJC_ARC = YES;
				CLANG_WARN_BOOL_CONVERSION = YES;
				CLANG_WARN_CONSTANT_CONVERSION = YES;
				CLANG_WARN_DIRECT_OBJC_ISA_USAGE = YES_ERROR;
				CLANG_WARN_DOCUMENTATION_COMMENTS = YES;
				CLANG_WARN_EMPTY_BODY = YES;
				CLANG_WARN_ENUM_CONVERSION = YES;
				CLANG_WARN_INFINITE_RECURSION = YES;
				CLANG_WARN_INT_CONVERSION = YES;
				CLANG_WARN_OBJC_ROOT_CLASS = YES_ERROR;
				CLANG_WARN_SUSPICIOUS_MOVE = YES;
				CLANG_WARN_UNREACHABLE_CODE = YES;
				CLANG_WARN__DUPLICATE_METHOD_MATCH = YES;
				CODE_SIGN_IDENTITY = "-";
				COPY_PHASE_STRIP = NO;
				DEBUG_INFORMATION_FORMAT = dwarf;
				ENABLE_STRICT_OBJC_MSGSEND = YES;
				ENABLE_TESTABILITY = YES;
				GCC_C_LANGUAGE_STANDARD = gnu99;
				GCC_DYNAMIC_NO_PIC = NO;
				GCC_NO_COMMON_BLOCKS = YES;
				GCC_OPTIMIZATION_LEVEL = 0;
				GCC_PREPROCESSOR_DEFINITIONS = (
					"DEBUG=1",
					"$(inherited)",
				);
				GCC_WARN_64_TO_32_BIT_CONVERSION = YES;
				GCC_WARN_ABOUT_RETURN_TYPE = YES_ERROR;
				GCC_WARN_UNDECLARED_SELECTOR = YES;
				GCC_WARN_UNINITIALIZED_AUTOS = YES_AGGRESSIVE;
				GCC_WARN_UNUSED_FUNCTION = YES;
				GCC_WARN_UNUSED_VARIABLE = YES;
				MACOSX_DEPLOYMENT_TARGET = 10.12;
				MTL_ENABLE_DEBUG_INFO = YES;
				ONLY_ACTIVE_ARCH = YES;
				SDKROOT = macosx;
				SWIFT_ACTIVE_COMPILATION_CONDITIONS = DEBUG;
				SWIFT_OPTIMIZATION_LEVEL = "-Onone";
			};
			name = Debug;
		};
		8EEE72BE1E474AF0009F4BE7 /* Release */ = {
			isa = XCBuildConfiguration;
			buildSettings = {
				ALWAYS_SEARCH_USER_PATHS = NO;
				CLANG_ANALYZER_NONNULL = YES;
				CLANG_CXX_LANGUAGE_STANDARD = "gnu++0x";
				CLANG_CXX_LIBRARY = "libc++";
				CLANG_ENABLE_MODULES = YES;
				CLANG_ENABLE_OBJC_ARC = YES;
				CLANG_WARN_BOOL_CONVERSION = YES;
				CLANG_WARN_CONSTANT_CONVERSION = YES;
				CLANG_WARN_DIRECT_OBJC_ISA_USAGE = YES_ERROR;
				CLANG_WARN_DOCUMENTATION_COMMENTS = YES;
				CLANG_WARN_EMPTY_BODY = YES;
				CLANG_WARN_ENUM_CONVERSION = YES;
				CLANG_WARN_INFINITE_RECURSION = YES;
				CLANG_WARN_INT_CONVERSION = YES;
				CLANG_WARN_OBJC_ROOT_CLASS = YES_ERROR;
				CLANG_WARN_SUSPICIOUS_MOVE = YES;
				CLANG_WARN_UNREACHABLE_CODE = YES;
				CLANG_WARN__DUPLICATE_METHOD_MATCH = YES;
				CODE_SIGN_IDENTITY = "-";
				COPY_PHASE_STRIP = NO;
				DEBUG_INFORMATION_FORMAT = "dwarf-with-dsym";
				ENABLE_NS_ASSERTIONS = NO;
				ENABLE_STRICT_OBJC_MSGSEND = YES;
				GCC_C_LANGUAGE_STANDARD = gnu99;
				GCC_NO_COMMON_BLOCKS = YES;
				GCC_WARN_64_TO_32_BIT_CONVERSION = YES;
				GCC_WARN_ABOUT_RETURN_TYPE = YES_ERROR;
				GCC_WARN_UNDECLARED_SELECTOR = YES;
				GCC_WARN_UNINITIALIZED_AUTOS = YES_AGGRESSIVE;
				GCC_WARN_UNUSED_FUNCTION = YES;
				GCC_WARN_UNUSED_VARIABLE = YES;
				MACOSX_DEPLOYMENT_TARGET = 10.12;
				MTL_ENABLE_DEBUG_INFO = NO;
				SDKROOT = macosx;
				SWIFT_OPTIMIZATION_LEVEL = "-Owholemodule";
			};
			name = Release;
		};
		8EEE72C01E474AF0009F4BE7 /* Debug */ = {
			isa = XCBuildConfiguration;
			buildSettings = {
				ASSETCATALOG_COMPILER_APPICON_NAME = AppIcon;
				CLANG_ENABLE_MODULES = YES;
				COMBINE_HIDPI_IMAGES = YES;
				DEVELOPMENT_TEAM = 7C4LVS3ZVC;
				INFOPLIST_FILE = MacOSGimma/Info.plist;
				LD_RUNPATH_SEARCH_PATHS = "$(inherited) @executable_path/../Frameworks";
				PRODUCT_BUNDLE_IDENTIFIER = workmoose.MacOSGimma;
				PRODUCT_NAME = "$(TARGET_NAME)";
				SWIFT_OPTIMIZATION_LEVEL = "-Onone";
				SWIFT_VERSION = 3.0;
			};
			name = Debug;
		};
		8EEE72C11E474AF0009F4BE7 /* Release */ = {
			isa = XCBuildConfiguration;
			buildSettings = {
				ASSETCATALOG_COMPILER_APPICON_NAME = AppIcon;
				CLANG_ENABLE_MODULES = YES;
				COMBINE_HIDPI_IMAGES = YES;
				DEVELOPMENT_TEAM = 7C4LVS3ZVC;
				INFOPLIST_FILE = MacOSGimma/Info.plist;
				LD_RUNPATH_SEARCH_PATHS = "$(inherited) @executable_path/../Frameworks";
				PRODUCT_BUNDLE_IDENTIFIER = workmoose.MacOSGimma;
				PRODUCT_NAME = "$(TARGET_NAME)";
				SWIFT_VERSION = 3.0;
			};
			name = Release;
		};
/* End XCBuildConfiguration section */

/* Begin XCConfigurationList section */
		8EB6286F1E4C595300B6A91F /* Build configuration list for PBXNativeTarget "iOSGimma" */ = {
			isa = XCConfigurationList;
			buildConfigurations = (
				8EB6286D1E4C595300B6A91F /* Debug */,
				8EB6286E1E4C595300B6A91F /* Release */,
			);
			defaultConfigurationIsVisible = 0;
			defaultConfigurationName = Release;
		};
		8EEE72AB1E474AEF009F4BE7 /* Build configuration list for PBXProject "MacOSGimma" */ = {
			isa = XCConfigurationList;
			buildConfigurations = (
				8EEE72BD1E474AF0009F4BE7 /* Debug */,
				8EEE72BE1E474AF0009F4BE7 /* Release */,
			);
			defaultConfigurationIsVisible = 0;
			defaultConfigurationName = Release;
		};
		8EEE72BF1E474AF0009F4BE7 /* Build configuration list for PBXNativeTarget "MacOSGimma" */ = {
			isa = XCConfigurationList;
			buildConfigurations = (
				8EEE72C01E474AF0009F4BE7 /* Debug */,
				8EEE72C11E474AF0009F4BE7 /* Release */,
			);
			defaultConfigurationIsVisible = 0;
			defaultConfigurationName = Release;
		};
/* End XCConfigurationList section */
	};
	rootObject = 8EEE72A81E474AEF009F4BE7 /* Project object */;
}
